
Microsoft Visual Studio Solution File, Format Version 12.00
# Visual Studio Version 16
VisualStudioVersion = 16.0.29123.88
MinimumVisualStudioVersion = 10.0.40219.1
Project("{FAE04EC0-301F-11D3-BF4B-00C04F79EFBC}") = "Blazor_AspNet_App", "Blazor_AspNet_App\Blazor_AspNet_App.csproj", "{336C1325-1707-4F01-AF4E-13317E99EFCB}"
EndProject
Global
	GlobalSection(SolutionConfigurationPlatforms) = preSolution
		Debug|Any CPU = Debug|Any CPU
		Release|Any CPU = Release|Any CPU
	EndGlobalSection
	GlobalSection(ProjectConfigurationPlatforms) = postSolution
		{336C1325-1707-4F01-AF4E-13317E99EFCB}.Debug|Any CPU.ActiveCfg = Debug|Any CPU
		{336C1325-1707-4F01-AF4E-13317E99EFCB}.Debug|Any CPU.Build.0 = Debug|Any CPU
		{336C1325-1707-4F01-AF4E-13317E99EFCB}.Release|Any CPU.ActiveCfg = Release|Any CPU
		{336C1325-1707-4F01-AF4E-13317E99EFCB}.Release|Any CPU.Build.0 = Release|Any CPU
	EndGlobalSection
	GlobalSection(SolutionProperties) = preSolution
		HideSolutionNode = FALSE
	EndGlobalSection
	GlobalSection(ExtensibilityGlobals) = postSolution
		SolutionGuid = {E813151C-DCDD-4633-97E7-F85BC236DDE6}
	EndGlobalSection
EndGlobal
